<?xml version="1.0" encoding="utf-8"?>
<Project ToolsVersion="4.0" xmlns="http://schemas.microsoft.com/developer/msbuild/2003">
  <ItemGroup>
    <Filter Include="Source Files">
      <UniqueIdentifier>{4FC737F1-C7A5-4376-A066-2A32D752A2FF}</UniqueIdentifier>
      <Extensions>cpp;c;cc;cxx;c++;cppm;ixx;def;odl;idl;hpj;bat;asm;asmx</Extensions>
    </Filter>
    <Filter Include="Header Files">
      <UniqueIdentifier>{93995380-89BD-4b04-88EB-625FBE52EBFB}</UniqueIdentifier>
      <Extensions>h;hh;hpp;hxx;h++;hm;inl;inc;ipp;xsd</Extensions>
    </Filter>
    <Filter Include="Resource Files">
      <UniqueIdentifier>{67DA6AB6-F800-4c08-8B7A-83BB121AAD01}</UniqueIdentifier>
      <Extensions>rc;ico;cur;bmp;dlg;rc2;rct;bin;rgs;gif;jpg;jpeg;jpe;resx;tiff;tif;png;wav;mfcribbon-ms</Extensions>
    </Filter>
  </ItemGroup>
  <ItemGroup>
    <ClCompile Include="ModaElectronicCommerceSystem.cpp">
      <Filter>Source Files</Filter>
    </ClCompile>
    <ClCompile Include="User.cpp">
      <Filter>Source Files</Filter>
    </ClCompile>
    <ClCompile Include="MyString.cpp">
      <Filter>Source Files</Filter>
    </ClCompile>
    <ClCompile Include="Item.cpp">
      <Filter>Source Files</Filter>
    </ClCompile>
    <ClCompile Include="Order.cpp">
      <Filter>Source Files</Filter>
    </ClCompile>
    <ClCompile Include="ItemsCatalog.cpp">
      <Filter>Source Files</Filter>
    </ClCompile>
    <ClCompile Include="Client.cpp">
      <Filter>Source Files</Filter>
    </ClCompile>
    <ClCompile Include="Command.cpp">
      <Filter>Source Files</Filter>
    </ClCompile>
    <ClCompile Include="FinanceManager.cpp">
      <Filter>Source Files</Filter>
    </ClCompile>
    <ClCompile Include="CheckBalanceCommand.cpp">
      <Filter>Source Files</Filter>
    </ClCompile>
    <ClCompile Include="FilterByRatingCommand.cpp">
      <Filter>Source Files</Filter>
    </ClCompile>
    <ClCompile Include="RedeemCommand.cpp">
      <Filter>Source Files</Filter>
    </ClCompile>
    <ClCompile Include="AddToCartCommand.cpp">
      <Filter>Source Files</Filter>
    </ClCompile>
    <ClCompile Include="RemoveFromCartCommand.cpp">
      <Filter>Source Files</Filter>
    </ClCompile>
    <ClCompile Include="ApplyDiscountCommand.cpp">
      <Filter>Source Files</Filter>
    </ClCompile>
    <ClCompile Include="RemoveDiscountCommand.cpp">
      <Filter>Source Files</Filter>
    </ClCompile>
    <ClCompile Include="ViewCartCommand.cpp">
      <Filter>Source Files</Filter>
    </ClCompile>
    <ClCompile Include="ChekoutCommand.cpp">
      <Filter>Source Files</Filter>
    </ClCompile>
    <ClCompile Include="BusinessProfile.cpp">
      <Filter>Source Files</Filter>
    </ClCompile>
    <ClCompile Include="Cart.cpp">
      <Filter>Source Files</Filter>
    </ClCompile>
    <ClCompile Include="CartItem.cpp">
      <Filter>Source Files</Filter>
    </ClCompile>
    <ClCompile Include="Role.cpp">
      <Filter>Source Files</Filter>
    </ClCompile>
    <ClCompile Include="OrderStatus.cpp">
      <Filter>Source Files</Filter>
    </ClCompile>
    <ClCompile Include="Admin.cpp">
      <Filter>Source Files</Filter>
    </ClCompile>
    <ClCompile Include="Transaction.cpp">
      <Filter>Source Files</Filter>
    </ClCompile>
    <ClCompile Include="Check.cpp">
      <Filter>Source Files</Filter>
    </ClCompile>
    <ClCompile Include="System.cpp">
      <Filter>Source Files</Filter>
    </ClCompile>
    <ClCompile Include="LogOutCommand.cpp">
      <Filter>Source Files</Filter>
    </ClCompile>
    <ClCompile Include="CommandFactory.cpp">
      <Filter>Source Files</Filter>
    </ClCompile>
    <ClCompile Include="HelpCommand.cpp">
      <Filter>Source Files</Filter>
    </ClCompile>
    <ClCompile Include="ViewProfileCommand.cpp">
      <Filter>Source Files</Filter>
    </ClCompile>
    <ClCompile Include="ListItemsCommand.cpp">
      <Filter>Source Files</Filter>
    </ClCompile>
    <ClCompile Include="FilterByPriceCommand.cpp">
      <Filter>Source Files</Filter>
    </ClCompile>
    <ClCompile Include="FilterAlphabeticallyCommand.cpp">
      <Filter>Source Files</Filter>
    </ClCompile>
  </ItemGroup>
  <ItemGroup>
    <ClInclude Include="Constants.h">
      <Filter>Header Files</Filter>
    </ClInclude>
    <ClInclude Include="User.h">
      <Filter>Header Files</Filter>
    </ClInclude>
    <ClInclude Include="MyString.h">
      <Filter>Header Files</Filter>
    </ClInclude>
    <ClInclude Include="Item.h">
      <Filter>Header Files</Filter>
    </ClInclude>
    <ClInclude Include="Order.h">
      <Filter>Header Files</Filter>
    </ClInclude>
    <ClInclude Include="MyVector.hpp">
      <Filter>Source Files</Filter>
    </ClInclude>
    <ClInclude Include="ItemsCatalog.h">
      <Filter>Header Files</Filter>
    </ClInclude>
    <ClInclude Include="Client.h">
      <Filter>Header Files</Filter>
    </ClInclude>
    <ClInclude Include="Command.h">
      <Filter>Header Files</Filter>
    </ClInclude>
    <ClInclude Include="FinanceManager.h">
      <Filter>Header Files</Filter>
    </ClInclude>
    <ClInclude Include="CheckBalanceCommand.h">
      <Filter>Header Files</Filter>
    </ClInclude>
    <ClInclude Include="FilterByRatingCommand.h">
      <Filter>Header Files</Filter>
    </ClInclude>
    <ClInclude Include="RedeemCommand.h">
      <Filter>Header Files</Filter>
    </ClInclude>
    <ClInclude Include="AddToCartCommand.h">
      <Filter>Header Files</Filter>
    </ClInclude>
    <ClInclude Include="RemoveFromCartCommand.h">
      <Filter>Header Files</Filter>
    </ClInclude>
    <ClInclude Include="ApplyDiscountCommand.h">
      <Filter>Header Files</Filter>
    </ClInclude>
    <ClInclude Include="RemoveDiscountCommand.h">
      <Filter>Header Files</Filter>
    </ClInclude>
    <ClInclude Include="ViewCartCommand.h">
      <Filter>Header Files</Filter>
    </ClInclude>
    <ClInclude Include="ChekoutCommand.h">
      <Filter>Header Files</Filter>
    </ClInclude>
    <ClInclude Include="BusinessProfile.h">
      <Filter>Header Files</Filter>
    </ClInclude>
    <ClInclude Include="Cart.h">
      <Filter>Header Files</Filter>
    </ClInclude>
    <ClInclude Include="resource.h">
      <Filter>Header Files</Filter>
    </ClInclude>
    <ClInclude Include="CartItem.h">
      <Filter>Header Files</Filter>
    </ClInclude>
    <ClInclude Include="Role.h">
      <Filter>Header Files</Filter>
    </ClInclude>
    <ClInclude Include="OrderStatus.h">
      <Filter>Header Files</Filter>
    </ClInclude>
    <ClInclude Include="Admin.h">
      <Filter>Header Files</Filter>
    </ClInclude>
    <ClInclude Include="Transaction.h">
      <Filter>Header Files</Filter>
    </ClInclude>
    <ClInclude Include="Check.h">
      <Filter>Header Files</Filter>
    </ClInclude>
    <ClInclude Include="System.h">
      <Filter>Header Files</Filter>
    </ClInclude>
    <ClInclude Include="LogOutCommand.h">
      <Filter>Header Files</Filter>
    </ClInclude>
    <ClInclude Include="CommandFactory.h">
      <Filter>Header Files</Filter>
    </ClInclude>
    <ClInclude Include="HelpCommand.h">
      <Filter>Header Files</Filter>
    </ClInclude>
    <ClInclude Include="ViewProfileCommand.h">
      <Filter>Header Files</Filter>
    </ClInclude>
    <ClInclude Include="ListItemsCommand.h">
      <Filter>Header Files</Filter>
    </ClInclude>
    <ClInclude Include="FilterByPriceCommand.h">
      <Filter>Header Files</Filter>
    </ClInclude>
    <ClInclude Include="FilterAlphabeticallyCommand.h">
      <Filter>Header Files</Filter>
    </ClInclude>
  </ItemGroup>
  <ItemGroup>
    <ResourceCompile Include="ModaElectronicCommerceSystem.rc">
      <Filter>Resource Files</Filter>
    </ResourceCompile>
  </ItemGroup>
</Project>